{
  "name": "assembly_script",
  "version": "1.0.0",
  "lockfileVersion": 1,
  "requires": true,
  "dependencies": {
    "assemblyscript": {
      "version": "0.8.1",
      "resolved": "https://registry.npm.taobao.org/assemblyscript/download/assemblyscript-0.8.1.tgz",
      "integrity": "sha1-xcYnSSQG5th/QmiXs9kr0qUz9/4=",
      "dev": true,
      "requires": {
        "binaryen": "89.0.0-nightly.20191113",
        "long": "^4.0.0"
      }
    },
    "binaryen": {
      "version": "89.0.0-nightly.20191113",
      "resolved": "https://registry.npm.taobao.org/binaryen/download/binaryen-89.0.0-nightly.20191113.tgz",
      "integrity": "sha1-oNORTzXJKXhzQeApELf/rrfYl6k=",
      "dev": true
    },
    "long": {
      "version": "4.0.0",
      "resolved": "https://registry.npm.taobao.org/long/download/long-4.0.0.tgz",
      "integrity": "sha1-mntxz7fTYaGU6lVSQckvdGjVvyg=",
      "dev": true
    }
  }
}
